
Microsoft Visual Studio Solution File, Format Version 12.00
# Visual Studio Version 16
VisualStudioVersion = 25.0.1703.1
MinimumVisualStudioVersion = 10.0.40219.1
Project("{2150E333-8FDC-42A3-9474-1A3956D46DE8}") = "src", "src", "{EB326C42-5E41-405E-9DC4-D4447F9EB54F}"
EndProject
Project("{2150E333-8FDC-42A3-9474-1A3956D46DE8}") = "Projections", "Projections", "{F2A22B3B-8E14-46B2-B5CC-DA88FA77B259}"
EndProject
Project("{2150E333-8FDC-42A3-9474-1A3956D46DE8}") = "Common", "Common", "{90234228-D493-4F37-8D50-772EE7D5B090}"
EndProject
Project("{2150E333-8FDC-42A3-9474-1A3956D46DE8}") = "Api", "Api", "{87ED5D12-49F1-471B-9B02-27E572002E63}"
EndProject
Project("{2150E333-8FDC-42A3-9474-1A3956D46DE8}") = "Clients", "Clients", "{2DC71CE6-58F2-40D0-8456-E544C141D45B}"
EndProject
Project("{2150E333-8FDC-42A3-9474-1A3956D46DE8}") = "WebApi", "WebApi", "{CABE279C-64D7-435A-B096-3582EDF5E58F}"
EndProject
Project("{2150E333-8FDC-42A3-9474-1A3956D46DE8}") = "Infrastructure", "Infrastructure", "{1630079C-4143-4137-990C-C219CBDBE266}"
EndProject
Project("{2150E333-8FDC-42A3-9474-1A3956D46DE8}") = "Core", "Core", "{B48D27AA-B002-4FCC-829E-3FED7B0D7730}"
EndProject
Project("{2150E333-8FDC-42A3-9474-1A3956D46DE8}") = "BlazorWeb", "BlazorWeb", "{F9810393-C536-4637-9B10-E5DC2314B95C}"
EndProject
Project("{FAE04EC0-301F-11D3-BF4B-00C04F79EFBC}") = "BlazorSozluk.Common", "src\Common\BlazorSozluk.Common\BlazorSozluk.Common.csproj", "{56E20A4E-37C6-435B-8CCE-40C63C7CFE1D}"
EndProject
Project("{FAE04EC0-301F-11D3-BF4B-00C04F79EFBC}") = "BlazorSozluk.Api.Domain", "src\Api\Core\BlazorSozluk.Api.Domain\BlazorSozluk.Api.Domain.csproj", "{C459F2D9-9BE2-4ACD-A01B-C5576C351328}"
EndProject
Project("{FAE04EC0-301F-11D3-BF4B-00C04F79EFBC}") = "BlazorSozluk.Api.Application", "src\Api\Core\BlazorSozluk.Api.Application\BlazorSozluk.Api.Application.csproj", "{D6299CA8-D934-43CA-BABC-BDC82BC0FFFF}"
EndProject
Project("{FAE04EC0-301F-11D3-BF4B-00C04F79EFBC}") = "BlazorSozluk.Infrastructure.Persistence", "src\Api\Infrastructure\BlazorSozluk.Infrastructure.Persistence\BlazorSozluk.Infrastructure.Persistence.csproj", "{D7F613DA-094E-4BA1-BF9C-D77EC27F45F4}"
EndProject
Project("{FAE04EC0-301F-11D3-BF4B-00C04F79EFBC}") = "BlazorSozluk.Api.WebApi", "src\Api\WebApi\BlazorSozluk.Api.WebApi\BlazorSozluk.Api.WebApi.csproj", "{06942D93-86C3-4AFF-84FC-DE187F335488}"
EndProject
Project("{FAE04EC0-301F-11D3-BF4B-00C04F79EFBC}") = "BlazorSozluk.Projections.FavoriteService", "src\Projections\BlazorSozluk.Projections.FavoriteService\BlazorSozluk.Projections.FavoriteService.csproj", "{7FAAB2F9-05D1-4661-93A4-1AF0EF507EF5}"
EndProject
Project("{FAE04EC0-301F-11D3-BF4B-00C04F79EFBC}") = "BlazorSozluk.Projections.UserService", "src\Projections\BlazorSozluk.Projections.User\BlazorSozluk.Projections.UserService.csproj", "{BB3D3426-D575-49D5-A057-27E9C2EF3EF3}"
EndProject
Project("{FAE04EC0-301F-11D3-BF4B-00C04F79EFBC}") = "BlazorSozluk.Projections.VoteService", "src\Projections\BlazorSozluk.Projections.VoteService\BlazorSozluk.Projections.VoteService.csproj", "{F9008FCB-8D4E-4AFC-AE55-ADE76D50DF1A}"
EndProject
Project("{FAE04EC0-301F-11D3-BF4B-00C04F79EFBC}") = "BlazorSozluk.WebApp", "src\Clients\BlazorWeb\BlazorSozluk.WebApp\BlazorSozluk.WebApp.csproj", "{6A934A2D-B132-4119-ACB6-9798DF5B03CE}"
EndProject
Global
	GlobalSection(SolutionConfigurationPlatforms) = preSolution
		Debug|Any CPU = Debug|Any CPU
		Release|Any CPU = Release|Any CPU
	EndGlobalSection
	GlobalSection(ProjectConfigurationPlatforms) = postSolution
		{56E20A4E-37C6-435B-8CCE-40C63C7CFE1D}.Debug|Any CPU.ActiveCfg = Debug|Any CPU
		{56E20A4E-37C6-435B-8CCE-40C63C7CFE1D}.Debug|Any CPU.Build.0 = Debug|Any CPU
		{56E20A4E-37C6-435B-8CCE-40C63C7CFE1D}.Release|Any CPU.ActiveCfg = Release|Any CPU
		{56E20A4E-37C6-435B-8CCE-40C63C7CFE1D}.Release|Any CPU.Build.0 = Release|Any CPU
		{C459F2D9-9BE2-4ACD-A01B-C5576C351328}.Debug|Any CPU.ActiveCfg = Debug|Any CPU
		{C459F2D9-9BE2-4ACD-A01B-C5576C351328}.Debug|Any CPU.Build.0 = Debug|Any CPU
		{C459F2D9-9BE2-4ACD-A01B-C5576C351328}.Release|Any CPU.ActiveCfg = Release|Any CPU
		{C459F2D9-9BE2-4ACD-A01B-C5576C351328}.Release|Any CPU.Build.0 = Release|Any CPU
		{D6299CA8-D934-43CA-BABC-BDC82BC0FFFF}.Debug|Any CPU.ActiveCfg = Debug|Any CPU
		{D6299CA8-D934-43CA-BABC-BDC82BC0FFFF}.Debug|Any CPU.Build.0 = Debug|Any CPU
		{D6299CA8-D934-43CA-BABC-BDC82BC0FFFF}.Release|Any CPU.ActiveCfg = Release|Any CPU
		{D6299CA8-D934-43CA-BABC-BDC82BC0FFFF}.Release|Any CPU.Build.0 = Release|Any CPU
		{D7F613DA-094E-4BA1-BF9C-D77EC27F45F4}.Debug|Any CPU.ActiveCfg = Debug|Any CPU
		{D7F613DA-094E-4BA1-BF9C-D77EC27F45F4}.Debug|Any CPU.Build.0 = Debug|Any CPU
		{D7F613DA-094E-4BA1-BF9C-D77EC27F45F4}.Release|Any CPU.ActiveCfg = Release|Any CPU
		{D7F613DA-094E-4BA1-BF9C-D77EC27F45F4}.Release|Any CPU.Build.0 = Release|Any CPU
		{06942D93-86C3-4AFF-84FC-DE187F335488}.Debug|Any CPU.ActiveCfg = Debug|Any CPU
		{06942D93-86C3-4AFF-84FC-DE187F335488}.Debug|Any CPU.Build.0 = Debug|Any CPU
		{06942D93-86C3-4AFF-84FC-DE187F335488}.Release|Any CPU.ActiveCfg = Release|Any CPU
		{06942D93-86C3-4AFF-84FC-DE187F335488}.Release|Any CPU.Build.0 = Release|Any CPU
		{7FAAB2F9-05D1-4661-93A4-1AF0EF507EF5}.Debug|Any CPU.ActiveCfg = Debug|Any CPU
		{7FAAB2F9-05D1-4661-93A4-1AF0EF507EF5}.Debug|Any CPU.Build.0 = Debug|Any CPU
		{7FAAB2F9-05D1-4661-93A4-1AF0EF507EF5}.Release|Any CPU.ActiveCfg = Release|Any CPU
		{7FAAB2F9-05D1-4661-93A4-1AF0EF507EF5}.Release|Any CPU.Build.0 = Release|Any CPU
		{BB3D3426-D575-49D5-A057-27E9C2EF3EF3}.Debug|Any CPU.ActiveCfg = Debug|Any CPU
		{BB3D3426-D575-49D5-A057-27E9C2EF3EF3}.Debug|Any CPU.Build.0 = Debug|Any CPU
		{BB3D3426-D575-49D5-A057-27E9C2EF3EF3}.Release|Any CPU.ActiveCfg = Release|Any CPU
		{BB3D3426-D575-49D5-A057-27E9C2EF3EF3}.Release|Any CPU.Build.0 = Release|Any CPU
		{F9008FCB-8D4E-4AFC-AE55-ADE76D50DF1A}.Debug|Any CPU.ActiveCfg = Debug|Any CPU
		{F9008FCB-8D4E-4AFC-AE55-ADE76D50DF1A}.Debug|Any CPU.Build.0 = Debug|Any CPU
		{F9008FCB-8D4E-4AFC-AE55-ADE76D50DF1A}.Release|Any CPU.ActiveCfg = Release|Any CPU
		{F9008FCB-8D4E-4AFC-AE55-ADE76D50DF1A}.Release|Any CPU.Build.0 = Release|Any CPU
		{6A934A2D-B132-4119-ACB6-9798DF5B03CE}.Debug|Any CPU.ActiveCfg = Debug|Any CPU
		{6A934A2D-B132-4119-ACB6-9798DF5B03CE}.Debug|Any CPU.Build.0 = Debug|Any CPU
		{6A934A2D-B132-4119-ACB6-9798DF5B03CE}.Release|Any CPU.ActiveCfg = Release|Any CPU
		{6A934A2D-B132-4119-ACB6-9798DF5B03CE}.Release|Any CPU.Build.0 = Release|Any CPU
	EndGlobalSection
	GlobalSection(SolutionProperties) = preSolution
		HideSolutionNode = FALSE
	EndGlobalSection
	GlobalSection(ExtensibilityGlobals) = postSolution
		SolutionGuid = {AB4C6C38-7A07-4DD6-9767-A1557F81D356}
	EndGlobalSection
	GlobalSection(NestedProjects) = preSolution
		{F2A22B3B-8E14-46B2-B5CC-DA88FA77B259} = {EB326C42-5E41-405E-9DC4-D4447F9EB54F}
		{90234228-D493-4F37-8D50-772EE7D5B090} = {EB326C42-5E41-405E-9DC4-D4447F9EB54F}
		{87ED5D12-49F1-471B-9B02-27E572002E63} = {EB326C42-5E41-405E-9DC4-D4447F9EB54F}
		{2DC71CE6-58F2-40D0-8456-E544C141D45B} = {EB326C42-5E41-405E-9DC4-D4447F9EB54F}
		{CABE279C-64D7-435A-B096-3582EDF5E58F} = {87ED5D12-49F1-471B-9B02-27E572002E63}
		{1630079C-4143-4137-990C-C219CBDBE266} = {87ED5D12-49F1-471B-9B02-27E572002E63}
		{B48D27AA-B002-4FCC-829E-3FED7B0D7730} = {87ED5D12-49F1-471B-9B02-27E572002E63}
		{F9810393-C536-4637-9B10-E5DC2314B95C} = {2DC71CE6-58F2-40D0-8456-E544C141D45B}
		{56E20A4E-37C6-435B-8CCE-40C63C7CFE1D} = {90234228-D493-4F37-8D50-772EE7D5B090}
		{C459F2D9-9BE2-4ACD-A01B-C5576C351328} = {B48D27AA-B002-4FCC-829E-3FED7B0D7730}
		{D6299CA8-D934-43CA-BABC-BDC82BC0FFFF} = {B48D27AA-B002-4FCC-829E-3FED7B0D7730}
		{D7F613DA-094E-4BA1-BF9C-D77EC27F45F4} = {1630079C-4143-4137-990C-C219CBDBE266}
		{06942D93-86C3-4AFF-84FC-DE187F335488} = {CABE279C-64D7-435A-B096-3582EDF5E58F}
		{7FAAB2F9-05D1-4661-93A4-1AF0EF507EF5} = {F2A22B3B-8E14-46B2-B5CC-DA88FA77B259}
		{BB3D3426-D575-49D5-A057-27E9C2EF3EF3} = {F2A22B3B-8E14-46B2-B5CC-DA88FA77B259}
		{F9008FCB-8D4E-4AFC-AE55-ADE76D50DF1A} = {F2A22B3B-8E14-46B2-B5CC-DA88FA77B259}
		{6A934A2D-B132-4119-ACB6-9798DF5B03CE} = {F9810393-C536-4637-9B10-E5DC2314B95C}
	EndGlobalSection
EndGlobal
